// !$*UTF8*$!
{
	archiveVersion = 1;
	classes = {
	};
	objectVersion = 77;
	objects = {

/* Begin PBXBuildFile section */
		346630062CFACCA900B5D8D9 /* SwiftyJSON in Frameworks */ = {isa = PBXBuildFile; productRef = 346630052CFACCA900B5D8D9 /* SwiftyJSON */; };
		346630322CFD24DC00B5D8D9 /* YouTubeKit in Frameworks */ = {isa = PBXBuildFile; productRef = 346630312CFD24DC00B5D8D9 /* YouTubeKit */; };
		346630482CFD75C400B5D8D9 /* M3U8Decoder in Frameworks */ = {isa = PBXBuildFile; productRef = 346630472CFD75C400B5D8D9 /* M3U8Decoder */; };
		B6DAB6B42CF32B60000FAE96 /* SpotifyAPI in Frameworks */ = {isa = PBXBuildFile; productRef = B6DAB6B32CF32B60000FAE96 /* SpotifyAPI */; };
		B6E81A5D2CF3DD7A002060FA /* AlertToast in Frameworks */ = {isa = PBXBuildFile; productRef = B6E81A5C2CF3DD7A002060FA /* AlertToast */; };
		B6E81A602CF3EA39002060FA /* KeychainAccess in Frameworks */ = {isa = PBXBuildFile; productRef = B6E81A5F2CF3EA39002060FA /* KeychainAccess */; };
		B6E81A632CF3EDF9002060FA /* CachedAsyncImage in Frameworks */ = {isa = PBXBuildFile; productRef = B6E81A622CF3EDF9002060FA /* CachedAsyncImage */; };
/* End PBXBuildFile section */

/* Begin PBXCopyFilesBuildPhase section */
		B6EDE4B02CF2BC9E004666B1 /* CopyFiles */ = {
			isa = PBXCopyFilesBuildPhase;
			buildActionMask = 2147483647;
			dstPath = Assets;
			dstSubfolderSpec = 7;
			files = (
			);
			runOnlyForDeploymentPostprocessing = 0;
		};
/* End PBXCopyFilesBuildPhase section */

/* Begin PBXFileReference section */
		B6EDE45D2CF2923B004666B1 /* Spwifiy.app */ = {isa = PBXFileReference; explicitFileType = wrapper.application; includeInIndex = 0; path = Spwifiy.app; sourceTree = BUILT_PRODUCTS_DIR; };
/* End PBXFileReference section */

/* Begin PBXFileSystemSynchronizedBuildFileExceptionSet section */
		B6EDE4AC2CF2BC30004666B1 /* Exceptions for "Spwifiy" folder in "Spwifiy" target */ = {
			isa = PBXFileSystemSynchronizedBuildFileExceptionSet;
			membershipExceptions = (
				"Assets/Satoshi-Black.otf",
				"Assets/Satoshi-Light.otf",
				Assets/Satoshi.ttf,
				Info.plist,
			);
			target = B6EDE45C2CF2923B004666B1 /* Spwifiy */;
		};
/* End PBXFileSystemSynchronizedBuildFileExceptionSet section */

/* Begin PBXFileSystemSynchronizedGroupBuildPhaseMembershipExceptionSet section */
		B6EDE4B32CF2BCB4004666B1 /* Exceptions for "Spwifiy" folder in "Copy Files" phase from "Spwifiy" target */ = {
			isa = PBXFileSystemSynchronizedGroupBuildPhaseMembershipExceptionSet;
			buildPhase = B6EDE4B02CF2BC9E004666B1 /* CopyFiles */;
			membershipExceptions = (
				"Assets/Satoshi-Light.otf",
				Assets/Satoshi.ttf,
			);
		};
/* End PBXFileSystemSynchronizedGroupBuildPhaseMembershipExceptionSet section */

/* Begin PBXFileSystemSynchronizedRootGroup section */
		B6EDE4A52CF2BC30004666B1 /* Spwifiy */ = {
			isa = PBXFileSystemSynchronizedRootGroup;
			exceptions = (
				B6EDE4AC2CF2BC30004666B1 /* Exceptions for "Spwifiy" folder in "Spwifiy" target */,
				B6EDE4B32CF2BCB4004666B1 /* Exceptions for "Spwifiy" folder in "Copy Files" phase from "Spwifiy" target */,
			);
			path = Spwifiy;
			sourceTree = "<group>";
		};
/* End PBXFileSystemSynchronizedRootGroup section */

/* Begin PBXFrameworksBuildPhase section */
		B6EDE45A2CF2923B004666B1 /* Frameworks */ = {
			isa = PBXFrameworksBuildPhase;
			buildActionMask = 2147483647;
			files = (
				B6DAB6B42CF32B60000FAE96 /* SpotifyAPI in Frameworks */,
				346630482CFD75C400B5D8D9 /* M3U8Decoder in Frameworks */,
				B6E81A632CF3EDF9002060FA /* CachedAsyncImage in Frameworks */,
				B6E81A5D2CF3DD7A002060FA /* AlertToast in Frameworks */,
				346630062CFACCA900B5D8D9 /* SwiftyJSON in Frameworks */,
				B6E81A602CF3EA39002060FA /* KeychainAccess in Frameworks */,
				346630322CFD24DC00B5D8D9 /* YouTubeKit in Frameworks */,
			);
			runOnlyForDeploymentPostprocessing = 0;
		};
/* End PBXFrameworksBuildPhase section */

/* Begin PBXGroup section */
		B6EDE4542CF2923B004666B1 = {
			isa = PBXGroup;
			children = (
				B6EDE45E2CF2923B004666B1 /* Products */,
				B6EDE4A52CF2BC30004666B1 /* Spwifiy */,
			);
			sourceTree = "<group>";
		};
		B6EDE45E2CF2923B004666B1 /* Products */ = {
			isa = PBXGroup;
			children = (
				B6EDE45D2CF2923B004666B1 /* Spwifiy.app */,
			);
			name = Products;
			sourceTree = "<group>";
		};
/* End PBXGroup section */

/* Begin PBXNativeTarget section */
		B6EDE45C2CF2923B004666B1 /* Spwifiy */ = {
			isa = PBXNativeTarget;
			buildConfigurationList = B6EDE46E2CF2923C004666B1 /* Build configuration list for PBXNativeTarget "Spwifiy" */;
			buildPhases = (
				B6EDE4752CF2934A004666B1 /* Swiftlint */,
				B6EDE4592CF2923B004666B1 /* Sources */,
				B6EDE45A2CF2923B004666B1 /* Frameworks */,
				B6EDE45B2CF2923B004666B1 /* Resources */,
				B6EDE4B02CF2BC9E004666B1 /* CopyFiles */,
			);
			buildRules = (
			);
			dependencies = (
			);
			fileSystemSynchronizedGroups = (
				B6EDE4A52CF2BC30004666B1 /* Spwifiy */,
			);
			name = Spwifiy;
			packageProductDependencies = (
				B6DAB6B32CF32B60000FAE96 /* SpotifyAPI */,
				B6E81A5C2CF3DD7A002060FA /* AlertToast */,
				B6E81A5F2CF3EA39002060FA /* KeychainAccess */,
				B6E81A622CF3EDF9002060FA /* CachedAsyncImage */,
				346630052CFACCA900B5D8D9 /* SwiftyJSON */,
				346630312CFD24DC00B5D8D9 /* YouTubeKit */,
				346630472CFD75C400B5D8D9 /* M3U8Decoder */,
			);
			productName = Spwifiy;
			productReference = B6EDE45D2CF2923B004666B1 /* Spwifiy.app */;
			productType = "com.apple.product-type.application";
		};
/* End PBXNativeTarget section */

/* Begin PBXProject section */
		B6EDE4552CF2923B004666B1 /* Project object */ = {
			isa = PBXProject;
			attributes = {
				BuildIndependentTargetsInParallel = 1;
				LastSwiftUpdateCheck = 1620;
				LastUpgradeCheck = 1620;
				TargetAttributes = {
					B6EDE45C2CF2923B004666B1 = {
						CreatedOnToolsVersion = 16.2;
					};
				};
			};
			buildConfigurationList = B6EDE4582CF2923B004666B1 /* Build configuration list for PBXProject "Spwifiy" */;
			developmentRegion = en;
			hasScannedForEncodings = 0;
			knownRegions = (
				en,
				Base,
			);
			mainGroup = B6EDE4542CF2923B004666B1;
			minimizedProjectReferenceProxies = 1;
			packageReferences = (
				B6DAB6B22CF32B60000FAE96 /* XCRemoteSwiftPackageReference "SpotifyAPI" */,
				B6E81A5B2CF3DD7A002060FA /* XCRemoteSwiftPackageReference "AlertToast" */,
				B6E81A5E2CF3EA39002060FA /* XCRemoteSwiftPackageReference "KeychainAccess" */,
				B6E81A612CF3EDF9002060FA /* XCRemoteSwiftPackageReference "swiftui-cached-async-image" */,
				346630042CFACCA900B5D8D9 /* XCRemoteSwiftPackageReference "SwiftyJSON" */,
				346630302CFD24DC00B5D8D9 /* XCRemoteSwiftPackageReference "YouTubeKit" */,
				346630462CFD75C400B5D8D9 /* XCRemoteSwiftPackageReference "M3U8Decoder" */,
			);
			preferredProjectObjectVersion = 77;
			productRefGroup = B6EDE45E2CF2923B004666B1 /* Products */;
			projectDirPath = "";
			projectRoot = "";
			targets = (
				B6EDE45C2CF2923B004666B1 /* Spwifiy */,
			);
		};
/* End PBXProject section */

/* Begin PBXResourcesBuildPhase section */
		B6EDE45B2CF2923B004666B1 /* Resources */ = {
			isa = PBXResourcesBuildPhase;
			buildActionMask = 2147483647;
			files = (
			);
			runOnlyForDeploymentPostprocessing = 0;
		};
/* End PBXResourcesBuildPhase section */

/* Begin PBXShellScriptBuildPhase section */
		B6EDE4752CF2934A004666B1 /* Swiftlint */ = {
			isa = PBXShellScriptBuildPhase;
			alwaysOutOfDate = 1;
			buildActionMask = 2147483647;
			files = (
			);
			inputFileListPaths = (
			);
			inputPaths = (
			);
			name = Swiftlint;
			outputFileListPaths = (
			);
			outputPaths = (
			);
			runOnlyForDeploymentPostprocessing = 0;
			shellPath = /bin/sh;
			shellScript = "if [[ \"$(uname -m)\" == arm64 ]]\nthen\n    export PATH=\"/opt/homebrew/bin:$PATH\"\nfi\n\nif command -v swiftlint >/dev/null 2>&1\nthen\n    swiftlint\nelse\n    echo \"warning: `swiftlint` command not found - See https://github.com/realm/SwiftLint#installation for installation instructions.\"\nfi\n";
		};
/* End PBXShellScriptBuildPhase section */

/* Begin PBXSourcesBuildPhase section */
		B6EDE4592CF2923B004666B1 /* Sources */ = {
			isa = PBXSourcesBuildPhase;
			buildActionMask = 2147483647;
			files = (
			);
			runOnlyForDeploymentPostprocessing = 0;
		};
/* End PBXSourcesBuildPhase section */

/* Begin XCBuildConfiguration section */
		B6EDE46C2CF2923C004666B1 /* Debug */ = {
			isa = XCBuildConfiguration;
			buildSettings = {
				ALWAYS_SEARCH_USER_PATHS = NO;
				ASSETCATALOG_COMPILER_GENERATE_SWIFT_ASSET_SYMBOL_EXTENSIONS = YES;
				CLANG_ANALYZER_NONNULL = YES;
				CLANG_ANALYZER_NUMBER_OBJECT_CONVERSION = YES_AGGRESSIVE;
				CLANG_CXX_LANGUAGE_STANDARD = "gnu++20";
				CLANG_ENABLE_MODULES = YES;
				CLANG_ENABLE_OBJC_ARC = YES;
				CLANG_ENABLE_OBJC_WEAK = YES;
				CLANG_WARN_BLOCK_CAPTURE_AUTORELEASING = YES;
				CLANG_WARN_BOOL_CONVERSION = YES;
				CLANG_WARN_COMMA = YES;
				CLANG_WARN_CONSTANT_CONVERSION = YES;
				CLANG_WARN_DEPRECATED_OBJC_IMPLEMENTATIONS = YES;
				CLANG_WARN_DIRECT_OBJC_ISA_USAGE = YES_ERROR;
				CLANG_WARN_DOCUMENTATION_COMMENTS = YES;
				CLANG_WARN_EMPTY_BODY = YES;
				CLANG_WARN_ENUM_CONVERSION = YES;
				CLANG_WARN_INFINITE_RECURSION = YES;
				CLANG_WARN_INT_CONVERSION = YES;
				CLANG_WARN_NON_LITERAL_NULL_CONVERSION = YES;
				CLANG_WARN_OBJC_IMPLICIT_RETAIN_SELF = YES;
				CLANG_WARN_OBJC_LITERAL_CONVERSION = YES;
				CLANG_WARN_OBJC_ROOT_CLASS = YES_ERROR;
				CLANG_WARN_QUOTED_INCLUDE_IN_FRAMEWORK_HEADER = YES;
				CLANG_WARN_RANGE_LOOP_ANALYSIS = YES;
				CLANG_WARN_STRICT_PROTOTYPES = YES;
				CLANG_WARN_SUSPICIOUS_MOVE = YES;
				CLANG_WARN_UNGUARDED_AVAILABILITY = YES_AGGRESSIVE;
				CLANG_WARN_UNREACHABLE_CODE = YES;
				CLANG_WARN__DUPLICATE_METHOD_MATCH = YES;
				COPY_PHASE_STRIP = NO;
				DEBUG_INFORMATION_FORMAT = dwarf;
				ENABLE_NS_ASSERTIONS = NO;
				ENABLE_STRICT_OBJC_MSGSEND = YES;
				ENABLE_TESTABILITY = YES;
				ENABLE_USER_SCRIPT_SANDBOXING = YES;
				GCC_C_LANGUAGE_STANDARD = gnu17;
				GCC_DYNAMIC_NO_PIC = NO;
				GCC_NO_COMMON_BLOCKS = YES;
				GCC_OPTIMIZATION_LEVEL = 0;
				GCC_PREPROCESSOR_DEFINITIONS = (
					"DEBUG=1",
					"$(inherited)",
				);
				GCC_WARN_64_TO_32_BIT_CONVERSION = YES;
				GCC_WARN_ABOUT_RETURN_TYPE = YES_ERROR;
				GCC_WARN_UNDECLARED_SELECTOR = YES;
				GCC_WARN_UNINITIALIZED_AUTOS = YES_AGGRESSIVE;
				GCC_WARN_UNUSED_FUNCTION = YES;
				GCC_WARN_UNUSED_VARIABLE = YES;
				LOCALIZATION_PREFERS_STRING_CATALOGS = YES;
				MACOSX_DEPLOYMENT_TARGET = 15.2;
				MTL_ENABLE_DEBUG_INFO = INCLUDE_SOURCE;
				MTL_FAST_MATH = YES;
				ONLY_ACTIVE_ARCH = YES;
				SDKROOT = macosx;
				SWIFT_ACTIVE_COMPILATION_CONDITIONS = "DEBUG $(inherited)";
				SWIFT_EMIT_LOC_STRINGS = YES;
				SWIFT_OPTIMIZATION_LEVEL = "-Onone";
			};
			name = Debug;
		};
		B6EDE46D2CF2923C004666B1 /* Release */ = {
			isa = XCBuildConfiguration;
			buildSettings = {
				ALWAYS_SEARCH_USER_PATHS = NO;
				ASSETCATALOG_COMPILER_GENERATE_SWIFT_ASSET_SYMBOL_EXTENSIONS = YES;
				CLANG_ANALYZER_NONNULL = YES;
				CLANG_ANALYZER_NUMBER_OBJECT_CONVERSION = YES_AGGRESSIVE;
				CLANG_CXX_LANGUAGE_STANDARD = "gnu++20";
				CLANG_ENABLE_MODULES = YES;
				CLANG_ENABLE_OBJC_ARC = YES;
				CLANG_ENABLE_OBJC_WEAK = YES;
				CLANG_WARN_BLOCK_CAPTURE_AUTORELEASING = YES;
				CLANG_WARN_BOOL_CONVERSION = YES;
				CLANG_WARN_COMMA = YES;
				CLANG_WARN_CONSTANT_CONVERSION = YES;
				CLANG_WARN_DEPRECATED_OBJC_IMPLEMENTATIONS = YES;
				CLANG_WARN_DIRECT_OBJC_ISA_USAGE = YES_ERROR;
				CLANG_WARN_DOCUMENTATION_COMMENTS = YES;
				CLANG_WARN_EMPTY_BODY = YES;
				CLANG_WARN_ENUM_CONVERSION = YES;
				CLANG_WARN_INFINITE_RECURSION = YES;
				CLANG_WARN_INT_CONVERSION = YES;
				CLANG_WARN_NON_LITERAL_NULL_CONVERSION = YES;
				CLANG_WARN_OBJC_IMPLICIT_RETAIN_SELF = YES;
				CLANG_WARN_OBJC_LITERAL_CONVERSION = YES;
				CLANG_WARN_OBJC_ROOT_CLASS = YES_ERROR;
				CLANG_WARN_QUOTED_INCLUDE_IN_FRAMEWORK_HEADER = YES;
				CLANG_WARN_RANGE_LOOP_ANALYSIS = YES;
				CLANG_WARN_STRICT_PROTOTYPES = YES;
				CLANG_WARN_SUSPICIOUS_MOVE = YES;
				CLANG_WARN_UNGUARDED_AVAILABILITY = YES_AGGRESSIVE;
				CLANG_WARN_UNREACHABLE_CODE = YES;
				CLANG_WARN__DUPLICATE_METHOD_MATCH = YES;
				COPY_PHASE_STRIP = NO;
				DEBUG_INFORMATION_FORMAT = "dwarf-with-dsym";
				ENABLE_NS_ASSERTIONS = NO;
				ENABLE_STRICT_OBJC_MSGSEND = YES;
				ENABLE_USER_SCRIPT_SANDBOXING = YES;
				GCC_C_LANGUAGE_STANDARD = gnu17;
				GCC_NO_COMMON_BLOCKS = YES;
				GCC_WARN_64_TO_32_BIT_CONVERSION = YES;
				GCC_WARN_ABOUT_RETURN_TYPE = YES_ERROR;
				GCC_WARN_UNDECLARED_SELECTOR = YES;
				GCC_WARN_UNINITIALIZED_AUTOS = YES_AGGRESSIVE;
				GCC_WARN_UNUSED_FUNCTION = YES;
				GCC_WARN_UNUSED_VARIABLE = YES;
				LOCALIZATION_PREFERS_STRING_CATALOGS = YES;
				MACOSX_DEPLOYMENT_TARGET = 15.2;
				MTL_ENABLE_DEBUG_INFO = NO;
				MTL_FAST_MATH = YES;
				SDKROOT = macosx;
				SWIFT_COMPILATION_MODE = wholemodule;
				SWIFT_EMIT_LOC_STRINGS = YES;
			};
			name = Release;
		};
		B6EDE46F2CF2923C004666B1 /* Debug */ = {
			isa = XCBuildConfiguration;
			buildSettings = {
				ASSETCATALOG_COMPILER_APPICON_NAME = AppIcon;
				ASSETCATALOG_COMPILER_GLOBAL_ACCENT_COLOR_NAME = AccentColor;
				CODE_SIGN_ENTITLEMENTS = Spwifiy/Spwifiy.entitlements;
				CODE_SIGN_STYLE = Automatic;
				COMBINE_HIDPI_IMAGES = YES;
				CURRENT_PROJECT_VERSION = 1;
				DEVELOPMENT_ASSET_PATHS = "Spwifiy/Preview\\ Content";
				DEVELOPMENT_TEAM = 6V935SBNGL;
				ENABLE_HARDENED_RUNTIME = YES;
				ENABLE_PREVIEWS = YES;
				ENABLE_USER_SCRIPT_SANDBOXING = NO;
				GENERATE_INFOPLIST_FILE = YES;
				INFOPLIST_FILE = Spwifiy/Info.plist;
				INFOPLIST_KEY_CFBundleDisplayName = Spwifiy;
				INFOPLIST_KEY_LSApplicationCategoryType = "public.app-category.music";
				INFOPLIST_KEY_NSHumanReadableCopyright = "";
				LD_RUNPATH_SEARCH_PATHS = (
					"$(inherited)",
					"@executable_path/../Frameworks",
				);
				MACOSX_DEPLOYMENT_TARGET = 13.5;
				MARKETING_VERSION = 1.0;
				PRODUCT_BUNDLE_IDENTIFIER = io.github.themoonthatrises.Spwifiy;
				PRODUCT_NAME = "$(TARGET_NAME)";
				SWIFT_EMIT_LOC_STRINGS = YES;
				SWIFT_VERSION = 5.0;
			};
			name = Debug;
		};
		B6EDE4702CF2923C004666B1 /* Release */ = {
			isa = XCBuildConfiguration;
			buildSettings = {
				ASSETCATALOG_COMPILER_APPICON_NAME = AppIcon;
				ASSETCATALOG_COMPILER_GLOBAL_ACCENT_COLOR_NAME = AccentColor;
				CODE_SIGN_ENTITLEMENTS = Spwifiy/Spwifiy.entitlements;
				CODE_SIGN_STYLE = Automatic;
				COMBINE_HIDPI_IMAGES = YES;
				CURRENT_PROJECT_VERSION = 1;
				DEVELOPMENT_ASSET_PATHS = "Spwifiy/Preview\\ Content";
				DEVELOPMENT_TEAM = 6V935SBNGL;
				ENABLE_HARDENED_RUNTIME = YES;
				ENABLE_PREVIEWS = YES;
				ENABLE_USER_SCRIPT_SANDBOXING = NO;
				GENERATE_INFOPLIST_FILE = YES;
				INFOPLIST_FILE = Spwifiy/Info.plist;
				INFOPLIST_KEY_CFBundleDisplayName = Spwifiy;
				INFOPLIST_KEY_LSApplicationCategoryType = "public.app-category.music";
				INFOPLIST_KEY_NSHumanReadableCopyright = "";
				LD_RUNPATH_SEARCH_PATHS = (
					"$(inherited)",
					"@executable_path/../Frameworks",
				);
				MACOSX_DEPLOYMENT_TARGET = 13.5;
				MARKETING_VERSION = 1.0;
				PRODUCT_BUNDLE_IDENTIFIER = io.github.themoonthatrises.Spwifiy;
				PRODUCT_NAME = "$(TARGET_NAME)";
				SWIFT_EMIT_LOC_STRINGS = YES;
				SWIFT_VERSION = 5.0;
			};
			name = Release;
		};
/* End XCBuildConfiguration section */

/* Begin XCConfigurationList section */
		B6EDE4582CF2923B004666B1 /* Build configuration list for PBXProject "Spwifiy" */ = {
			isa = XCConfigurationList;
			buildConfigurations = (
				B6EDE46C2CF2923C004666B1 /* Debug */,
				B6EDE46D2CF2923C004666B1 /* Release */,
			);
			defaultConfigurationIsVisible = 0;
			defaultConfigurationName = Release;
		};
		B6EDE46E2CF2923C004666B1 /* Build configuration list for PBXNativeTarget "Spwifiy" */ = {
			isa = XCConfigurationList;
			buildConfigurations = (
				B6EDE46F2CF2923C004666B1 /* Debug */,
				B6EDE4702CF2923C004666B1 /* Release */,
			);
			defaultConfigurationIsVisible = 0;
			defaultConfigurationName = Release;
		};
/* End XCConfigurationList section */

/* Begin XCRemoteSwiftPackageReference section */
		346630042CFACCA900B5D8D9 /* XCRemoteSwiftPackageReference "SwiftyJSON" */ = {
			isa = XCRemoteSwiftPackageReference;
			repositoryURL = "https://github.com/SwiftyJSON/SwiftyJSON";
			requirement = {
				kind = upToNextMajorVersion;
				minimumVersion = 5.0.2;
			};
		};
		346630302CFD24DC00B5D8D9 /* XCRemoteSwiftPackageReference "YouTubeKit" */ = {
			isa = XCRemoteSwiftPackageReference;
			repositoryURL = "https://github.com/b5i/YouTubeKit";
			requirement = {
				kind = upToNextMajorVersion;
				minimumVersion = 2.3.0;
			};
		};
		346630462CFD75C400B5D8D9 /* XCRemoteSwiftPackageReference "M3U8Decoder" */ = {
			isa = XCRemoteSwiftPackageReference;
			repositoryURL = "https://github.com/ikhvorost/M3U8Decoder";
			requirement = {
				kind = upToNextMajorVersion;
				minimumVersion = 2.0.0;
			};
		};
		B6DAB6B22CF32B60000FAE96 /* XCRemoteSwiftPackageReference "SpotifyAPI" */ = {
			isa = XCRemoteSwiftPackageReference;
			repositoryURL = "https://github.com/Peter-Schorn/SpotifyAPI";
			requirement = {
				kind = upToNextMajorVersion;
				minimumVersion = 3.0.4;
			};
		};
		B6E81A5B2CF3DD7A002060FA /* XCRemoteSwiftPackageReference "AlertToast" */ = {
			isa = XCRemoteSwiftPackageReference;
			repositoryURL = "https://github.com/elai950/AlertToast";
			requirement = {
				kind = upToNextMajorVersion;
				minimumVersion = 1.3.9;
			};
		};
		B6E81A5E2CF3EA39002060FA /* XCRemoteSwiftPackageReference "KeychainAccess" */ = {
			isa = XCRemoteSwiftPackageReference;
			repositoryURL = "https://github.com/kishikawakatsumi/KeychainAccess";
			requirement = {
				kind = upToNextMajorVersion;
				minimumVersion = 4.2.2;
			};
		};
		B6E81A612CF3EDF9002060FA /* XCRemoteSwiftPackageReference "swiftui-cached-async-image" */ = {
			isa = XCRemoteSwiftPackageReference;
			repositoryURL = "https://github.com/lorenzofiamingo/swiftui-cached-async-image";
			requirement = {
				kind = upToNextMajorVersion;
				minimumVersion = 2.1.1;
			};
		};
/* End XCRemoteSwiftPackageReference section */

/* Begin XCSwiftPackageProductDependency section */
		346630052CFACCA900B5D8D9 /* SwiftyJSON */ = {
			isa = XCSwiftPackageProductDependency;
			package = 346630042CFACCA900B5D8D9 /* XCRemoteSwiftPackageReference "SwiftyJSON" */;
			productName = SwiftyJSON;
		};
		346630312CFD24DC00B5D8D9 /* YouTubeKit */ = {
			isa = XCSwiftPackageProductDependency;
			package = 346630302CFD24DC00B5D8D9 /* XCRemoteSwiftPackageReference "YouTubeKit" */;
			productName = YouTubeKit;
		};
		346630472CFD75C400B5D8D9 /* M3U8Decoder */ = {
			isa = XCSwiftPackageProductDependency;
			package = 346630462CFD75C400B5D8D9 /* XCRemoteSwiftPackageReference "M3U8Decoder" */;
			productName = M3U8Decoder;
		};
		B6DAB6B32CF32B60000FAE96 /* SpotifyAPI */ = {
			isa = XCSwiftPackageProductDependency;
			package = B6DAB6B22CF32B60000FAE96 /* XCRemoteSwiftPackageReference "SpotifyAPI" */;
			productName = SpotifyAPI;
		};
		B6E81A5C2CF3DD7A002060FA /* AlertToast */ = {
			isa = XCSwiftPackageProductDependency;
			package = B6E81A5B2CF3DD7A002060FA /* XCRemoteSwiftPackageReference "AlertToast" */;
			productName = AlertToast;
		};
		B6E81A5F2CF3EA39002060FA /* KeychainAccess */ = {
			isa = XCSwiftPackageProductDependency;
			package = B6E81A5E2CF3EA39002060FA /* XCRemoteSwiftPackageReference "KeychainAccess" */;
			productName = KeychainAccess;
		};
		B6E81A622CF3EDF9002060FA /* CachedAsyncImage */ = {
			isa = XCSwiftPackageProductDependency;
			package = B6E81A612CF3EDF9002060FA /* XCRemoteSwiftPackageReference "swiftui-cached-async-image" */;
			productName = CachedAsyncImage;
		};
/* End XCSwiftPackageProductDependency section */
	};
	rootObject = B6EDE4552CF2923B004666B1 /* Project object */;
}
